{
    "_meta": {
        "hash": {
            "sha256": "5510a47c2ecf0995a7c9fc011a3fb00ab72edbe28b5d10c08b3746974fd6d9a3"
        },
        "pipfile-spec": 6,
        "requires": {
            "python_version": "3.8"
        },
        "sources": [
            {
                "name": "pypi",
                "url": "https://pypi.org/simple",
                "verify_ssl": true
            }
        ]
    },
    "default": {
        "affine": {
            "hashes": [
                "sha256:2e045def1aa29e613c42e801a7e10e0b9bacfed1a7c6af0cadf8843530a15102",
                "sha256:34b05b070d954c382e56f02c207a372d8a32621a87653cc30cdd31cd7f65799f"
            ],
            "version": "==2.3.0"
        },
        "attrs": {
            "hashes": [
                "sha256:149e90d6d8ac20db7a955ad60cf0e6881a3f20d37096140088356da6c716b0b1",
                "sha256:ef6aaac3ca6cd92904cdd0d83f629a15f18053ec84e6432106f7a4d04ae4f5fb"
            ],
            "markers": "python_version >= '2.7' and python_version not in '3.0, 3.1, 3.2, 3.3, 3.4'",
            "version": "==21.2.0"
        },
        "certifi": {
            "hashes": [
                "sha256:2bbf76fd432960138b3ef6dda3dde0544f27cbf8546c458e60baf371917ba9ee",
                "sha256:50b1e4f8446b06f41be7dd6338db18e0990601dce795c2b1686458aa7e8fa7d8"
            ],
            "version": "==2021.5.30"
        },
        "cftime": {
            "hashes": [
                "sha256:12ca5a8897191f5def9daf65ac98865f10488511455e68f157f1ff9967bcf171",
                "sha256:1883d7d0f95879c9354071ea7680e61bd57bf8a51659451bb8accca686a49e89",
                "sha256:19cfa87f1f37b11977d4507690b70b44abf7bf8498bba4e13bdb1b7a8685debd",
                "sha256:2bb4a2db77592da5bfc0f208dacca6eaa305549d85223f4780ecd4ff17c28729",
                "sha256:32a9b09aea0e0027e2582d0f6e1bc132f9b5494eb740326d3e98b9853908b22e",
                "sha256:372222ecb0c1973dbf6eed0776724466e6f475284a080e881ef9f95cd28c13b5",
                "sha256:40bed9af075bd56ab1c9c6d9b40727e4e9cadcc448fbbcc876bf8a1d60d089b8",
                "sha256:52174d080281b8c31ed0ccaa059119d4c9a760d615aa72300ae6037c06e83c83",
                "sha256:55259211a710ce2267018c357ddbd74ef79ec7860170d70217590042f1078dca",
                "sha256:59fbdc73e67f5e38822caf0319b5cb40fa469d34d2a1580339e951135e3fad6e",
                "sha256:5bba5ebc643ca5ed5c39124423f771ebf41367437895bdd19a44ea02f2ccfec7",
                "sha256:698106c68e411bc24eb8b9386ed552442d0ca4d43760ac71a5134b6020af4ed4",
                "sha256:6abda13253f445b4117449a8f497fc04f18a0f58558071934b2e1d277f7bd3a4",
                "sha256:6ae5594f5549ad60c58c76130ab88fdec68a759f822c6f5942f43a446720c00c",
                "sha256:75049ca6ccc6981f4ef098f899a1a7aecc9080a764ca9d866ed9566714acd8fb",
                "sha256:7a820e16357dbdc9723b2059f7178451de626a8b2e5f80b9d91a77e3dac42133",
                "sha256:7b54ddf469094c8ae46259460faf33ddad8a708dcd21e50ca6753507b9b52ec6",
                "sha256:894fc296c8c6b3da9b521efa79312643c29e3e6b8d72cbfbea2c471658adf510",
                "sha256:8e0cadf1342d079a0eb8427391766345affdadd5a5fde6d3301b3ac0cf91eda1",
                "sha256:8fc3206ce08579548de37f31b01fd8718d7622c89f68b31cf46983e1b35a339c",
                "sha256:927ed60397fdbbe5dccb64fe0db4e82b83c10b149bc35386cec0b6aed852245c",
                "sha256:995f940b8f31696bae42a901371325a476e1a32ceb435222ce915e9d04c29395",
                "sha256:a257746867a404d7fa5cfd2fbd7f17b45e975f9984a8818ae475670e3b83552c",
                "sha256:a936c0a18c4c6d216e4cdf3a0dfc541e7e8784ad8fe9d7184f65e6fd20728964",
                "sha256:ad3bdcbdc166ece1baba7e16d54e90b2a48895a9abcd9b3b0a39cae2d6881b8c",
                "sha256:b644bcb53346b6f4fe2fcc9f3b574740a2097637492dcca29632c817e0604f29",
                "sha256:d748f0420154943e867560f6394c17f8497295df1747ee6f850d2d1166c0b85c",
                "sha256:e72009981d26de0c13116a5c7e3ffa180a0eded51ae5bc76a6f6b84a870597ec",
                "sha256:f9d0ad9ce3b8c705a3184d276135b781848bf7178c6cde39e11d7bc5b5c2ee7e"
            ],
            "version": "==1.5.0"
        },
        "click": {
            "hashes": [
                "sha256:8c04c11192119b1ef78ea049e0a6f0463e4c48ef00a30160c704337586f3ad7a",
                "sha256:fba402a4a47334742d782209a7c79bc448911afe1149d07bdabdf480b3e2f4b6"
            ],
            "markers": "python_version >= '3.6'",
            "version": "==8.0.1"
        },
        "click-plugins": {
            "hashes": [
                "sha256:46ab999744a9d831159c3411bb0c79346d94a444df9a3a3742e9ed63645f264b",
                "sha256:5d262006d3222f5057fd81e1623d4443e41dcda5dc815c06b442aa3c02889fc8"
            ],
            "version": "==1.1.1"
        },
        "cligj": {
            "hashes": [
                "sha256:a4bc13d623356b373c2c27c53dbd9c68cae5d526270bfa71f6c6fa69669c6b27",
                "sha256:c1ca117dbce1fe20a5809dc96f01e1c2840f6dcc939b3ddbb1111bf330ba82df"
            ],
            "markers": "python_version >= '2.7' and python_version not in '3.0, 3.1, 3.2, 3.3' and python_version < '4'",
            "version": "==0.7.2"
        },
        "netcdf4": {
            "hashes": [
                "sha256:02c2317f377f23005e447e4b187ebce3cdeae76b9d0a443d9d6f5156a3980f04",
                "sha256:087d09594c0739b03a18ed058d6eca8dc80cc672961b231473bdf2c728112ec8",
                "sha256:0bf6b4375d99ef6aa9b5d82bdd2a92113c130821461e10bf9831609783f43a2a",
                "sha256:1dd21bff8e29476decfe42602ab40694f10be84b1a585bc5d28c8b08c19f7283",
                "sha256:1ee78d5c129fcfeafd6d4a6339984d6108dbabfb8a2cec651f9dc2132c792c78",
                "sha256:206af8b5d110b89132ddea9b7b162efe82c26db37bc7a7633110750685243195",
                "sha256:2106c5eaacb8e4dd1ad9837cb020fdf1b9c9e5630cd6648a6ac760690f098eed",
                "sha256:34355a0129f05e44b26be22e352af183dee7dcd4c6504b398c10ef89ca9f9303",
                "sha256:35f527f9d22b23c93cbb6b20e07fe1e3e27ed5ac80a699c2b1f2d150d5db70ee",
                "sha256:393f9c7e92f03e08f8093100396dddb8619a43cb37ad2ac6beb70aaa71226dd5",
                "sha256:41c0ff220a16c894bf147ce2b1c0266610a5b94bf7aed66c5ee2e5aeaa6bfb20",
                "sha256:41ff33837732c94a9446ebc1562bf5d954c43e1009f1429423da9151bee5bac1",
                "sha256:43c95d05458b730a496bbfa52080f4133ec60f07b3994a5b7f45034c65c6d31b",
                "sha256:4933f948dba82f4f95dcb4d0c4227ab4e085c35e33048009c77ec446a86b2d63",
                "sha256:50821324f804cd99043b7273d15e65e204cadbf7ca8af27059fade765fb2c430",
                "sha256:56808afaf4f8afd6d7f6dcdba5ee39d37160028066abba140e0210bdb1d50712",
                "sha256:5eb58e4b4ad9b79b72fceb8a806b5236b6ce4d5053f7020cff367fcc0bebc765",
                "sha256:5f520457cf48541edb83655567b5b17cdb2df19a305703f015a85e7f2aceb560",
                "sha256:7d31d1b736d402b2779f703479d0fbdee59fc6e1e880d1af6eb36fded934a982",
                "sha256:8164915dc40baa26c65d0e5661d96cd8cbc87157563cf364167d9ec82a6ef7f6",
                "sha256:8bb9e8b073e25c44cdcc42947e945a5b950ea93a519ba28fec642a92a1c983a9",
                "sha256:8f4352717660ea48df8c21920f29c708ba69b7002f609dc89036507913b82608",
                "sha256:a0a47694a123647ff7ef4c16a863510ad640fd44e75f8e2ee5042578ad2a0d67",
                "sha256:ad705a74449bcefeebb6ae41a5e5987ab29942f508e092151dac7508803e12e8",
                "sha256:aff200ee07495c73f4257f55d19d13f3678d7f3171d48a85481706e06a6db0e9",
                "sha256:c06f59f54f73aab86b123838fabe68c728503be981cad9f28283dcfb627f7023",
                "sha256:c270e4e5161955a35a152348a659270540c85fb2f238c13601c8649cd992032f",
                "sha256:c3056cc36669abd35b152b978a0bc54b622995d9d7165f8d380c134fa60e27d6",
                "sha256:c6b0c6ae9f9a050e9878f700e87405044fb2ee9a730559d6feb87f2361b361c6",
                "sha256:ca8f6f519b290b68892186cb966ee8d2287faec8463128fe6aaec188a0c5ae96",
                "sha256:cb374f259d0a6d0e436294607d4bc5999f20f61e1a7d365b50e07898ea43a7de",
                "sha256:d145f9c12da29da3922d8b8aafea2a2a89501bcb28a219a46b7b828b57191594",
                "sha256:e8d64208e69cd5e67112eb4378066946124dcd1fbb7c2aa3d12d488f4d024759",
                "sha256:f7b8b19971ff5e1dc5267f1f917667214c6614816f879ff6620bc152132c2629",
                "sha256:fc489ecca6fb2e5ab738eedf962f9213dcde005b6f9e6f9b2d3d9d6513811759"
            ],
            "index": "pypi",
            "version": "==1.5.7"
        },
        "numpy": {
            "hashes": [
                "sha256:09858463db6dd9f78b2a1a05c93f3b33d4f65975771e90d2cf7aadb7c2f66edf",
                "sha256:209666ce9d4a817e8a4597cd475b71b4878a85fa4b8db41d79fdb4fdee01dde2",
                "sha256:298156f4d3d46815eaf0fcf0a03f9625fc7631692bd1ad851517ab93c3168fc6",
                "sha256:30fc68307c0155d2a75ad19844224be0f2c6f06572d958db4e2053f816b859ad",
                "sha256:423216d8afc5923b15df86037c6053bf030d15cc9e3224206ef868c2d63dd6dc",
                "sha256:426a00b68b0d21f2deb2ace3c6d677e611ad5a612d2c76494e24a562a930c254",
                "sha256:466e682264b14982012887e90346d33435c984b7fead7b85e634903795c8fdb0",
                "sha256:51a7b9db0a2941434cd930dacaafe0fc9da8f3d6157f9d12f761bbde93f46218",
                "sha256:52a664323273c08f3b473548bf87c8145b7513afd63e4ebba8496ecd3853df13",
                "sha256:550564024dc5ceee9421a86fc0fb378aa9d222d4d0f858f6669eff7410c89bef",
                "sha256:5de64950137f3a50b76ce93556db392e8f1f954c2d8207f78a92d1f79aa9f737",
                "sha256:640c1ccfd56724f2955c237b6ccce2e5b8607c3bc1cc51d3933b8c48d1da3723",
                "sha256:7fdc7689daf3b845934d67cb221ba8d250fdca20ac0334fea32f7091b93f00d3",
                "sha256:805459ad8baaf815883d0d6f86e45b3b0b67d823a8f3fa39b1ed9c45eaf5edf1",
                "sha256:92a0ab128b07799dd5b9077a9af075a63467d03ebac6f8a93e6440abfea4120d",
                "sha256:9f2dc79c093f6c5113718d3d90c283f11463d77daa4e83aeeac088ec6a0bda52",
                "sha256:a5109345f5ce7ddb3840f5970de71c34a0ff7fceb133c9441283bb8250f532a3",
                "sha256:a55e4d81c4260386f71d22294795c87609164e22b28ba0d435850fbdf82fc0c5",
                "sha256:a9da45b748caad72ea4a4ed57e9cd382089f33c5ec330a804eb420a496fa760f",
                "sha256:b160b9a99ecc6559d9e6d461b95c8eec21461b332f80267ad2c10394b9503496",
                "sha256:b342064e647d099ca765f19672696ad50c953cac95b566af1492fd142283580f",
                "sha256:b5e8590b9245803c849e09bae070a8e1ff444f45e3f0bed558dd722119eea724",
                "sha256:bf75d5825ef47aa51d669b03ce635ecb84d69311e05eccea083f31c7570c9931",
                "sha256:c01b59b33c7c3ba90744f2c695be571a3bd40ab2ba7f3d169ffa6db3cfba614f",
                "sha256:d96a6a7d74af56feb11e9a443150216578ea07b7450f7c05df40eec90af7f4a7",
                "sha256:dd0e3651d210068d13e18503d75aaa45656eef51ef0b261f891788589db2cc38",
                "sha256:e167b9805de54367dcb2043519382be541117503ce99e3291cc9b41ca0a83557",
                "sha256:e42029e184008a5fd3d819323345e25e2337b0ac7f5c135b7623308530209d57",
                "sha256:f545c082eeb09ae678dd451a1b1dbf17babd8a0d7adea02897a76e639afca310",
                "sha256:fde50062d67d805bc96f1a9ecc0d37bfc2a8f02b937d2c50824d186aa91f2419"
            ],
            "index": "pypi",
            "version": "==1.21.2"
        },
        "pandas": {
            "hashes": [
                "sha256:0cd5776be891331a3e6b425b5abeab9596abea18435c5982191356f9b24ae731",
                "sha256:1099e2a0cd3a01ec62cca183fc1555833a2d43764950ef8cb5948c8abfc51014",
                "sha256:132def05e73d292c949b02e7ef873debb77acc44a8b119d215921046f0c3a91d",
                "sha256:1738154049062156429a5cf2fd79a69c9f3fa4f231346a7ec6fd156cd1a9a621",
                "sha256:34ced9ce5d5b17b556486da7256961b55b471d64a8990b56e67a84ebeb259416",
                "sha256:53b17e4debba26b7446b1e4795c19f94f0c715e288e08145e44bdd2865e819b3",
                "sha256:59a78d7066d1c921a77e3306aa0ebf6e55396c097d5dfcc4df8defe3dcecb735",
                "sha256:66a95361b81b4ba04b699ecd2416b0591f40cd1e24c60a8bfe0d19009cfa575a",
                "sha256:69e1b2f5811f46827722fd641fdaeedb26002bd1e504eacc7a8ec36bdc25393e",
                "sha256:7996d311413379136baf0f3cf2a10e331697657c87ced3f17ac7c77f77fe34a3",
                "sha256:89f40e5d21814192802421df809f948247d39ffe171e45fe2ab4abf7bd4279d8",
                "sha256:9cce01f6d655b4add966fcd36c32c5d1fe84628e200626b3f5e2f40db2d16a0f",
                "sha256:a56246de744baf646d1f3e050c4653d632bc9cd2e0605f41051fea59980e880a",
                "sha256:ba7ceb8abc6dbdb1e34612d1173d61e4941f1a1eb7e6f703b2633134ae6a6c89",
                "sha256:c9e8e0ce5284ebebe110efd652c164ed6eab77f5de4c3533abc756302ee77765",
                "sha256:cbcb84d63867af3411fa063af3de64902665bb5b3d40b25b2059e40603594e87",
                "sha256:f07a9745ca075ae73a5ce116f5e58f691c0dc9de0bff163527858459df5c176f",
                "sha256:fa54dc1d3e5d004a09ab0b1751473698011ddf03e14f1f59b84ad9a6ac630975",
                "sha256:fcb71b1935249de80e3a808227189eee381d4d74a31760ced2df21eedc92a8e3"
            ],
            "index": "pypi",
            "version": "==1.3.2"
        },
        "pyparsing": {
            "hashes": [
                "sha256:c203ec8783bf771a155b207279b9bccb8dea02d8f0c9e5f8ead507bc3246ecc1",
                "sha256:ef9d7589ef3c200abe66653d3f1ab1033c3c419ae9b9bdb1240a85b024efc88b"
            ],
            "markers": "python_version >= '2.6' and python_version not in '3.0, 3.1, 3.2, 3.3'",
            "version": "==2.4.7"
        },
        "python-dateutil": {
            "hashes": [
                "sha256:0123cacc1627ae19ddf3c27a5de5bd67ee4586fbdd6440d9748f8abb483d3e86",
                "sha256:961d03dc3453ebbc59dbdea9e4e11c5651520a876d0f4db161e8674aae935da9"
            ],
            "markers": "python_version >= '2.7' and python_version not in '3.0, 3.1, 3.2, 3.3'",
            "version": "==2.8.2"
        },
        "pytz": {
            "hashes": [
                "sha256:83a4a90894bf38e243cf052c8b58f381bfe9a7a483f6a9cab140bc7f702ac4da",
                "sha256:eb10ce3e7736052ed3623d49975ce333bcd712c7bb19a58b9e2089d4057d0798"
            ],
            "version": "==2021.1"
        },
        "rasterio": {
            "hashes": [
                "sha256:2134587770d258ed97f40e4f910b7250bd3d39cdba76f9dd1617ca73cd481ff5",
                "sha256:24975b97fe2fc3fd282d59640baab19de431448e1b23be6b85b68fecc1362f88",
                "sha256:294479e9d7caf64c95a90b2ed2ec13df6eba35f035f0c536a388e0160e9abf03",
                "sha256:6154622ec5210f5768db6544502b89487cfac10b0be9a321af33cd64e8cbe0fa",
                "sha256:87129e50e835e2696c17d19c5e7f5d566d09f8895d9e405e2c7d78adc63ae626",
                "sha256:bd06ed04197eb79b96240dc90354fe15e0fe9b531312830045c849e4db57a42f",
                "sha256:da2ed05c025bbdc1df8bdd9d1237e96ca3030eadabdb67722674620e9732a54a",
                "sha256:f55aa86bac58672ca47627a1dfecd56d35581beb49feae1f22818f97ff79abf8",
                "sha256:fda220ca942ff7446458a1d532121a2a0bebffdcbe064e4719dcca348a2ed541"
            ],
            "index": "pypi",
            "version": "==1.2.6"
        },
        "six": {
            "hashes": [
                "sha256:1e61c37477a1626458e36f7b1d82aa5c9b094fa4802892072e49de9c60c4c926",
                "sha256:8abb2f1d86890a2dfb989f9a77cfcfd3e47c2a354b01111771326f8aa26e0254"
            ],
            "markers": "python_version >= '2.7' and python_version not in '3.0, 3.1, 3.2, 3.3'",
            "version": "==1.16.0"
        },
        "snuggs": {
            "hashes": [
                "sha256:501cf113fe3892e14e2fee76da5cd0606b7e149c411c271898e6259ebde2617b",
                "sha256:988dde5d4db88e9d71c99457404773dabcc7a1c45971bfbe81900999942d9f07"
            ],
            "version": "==1.4.7"
        },
        "xarray": {
            "hashes": [
                "sha256:3a365ce09127fc841ba88baa63f37ca61376ffe389a6c5e66d52f2c88c23a62b",
                "sha256:da0f0d7719b5ee95143a34804e3afb82cb8abbe5c10f9750a9dbed156ad30f00"
            ],
            "index": "pypi",
            "version": "==0.19.0"
        }
    },
    "develop": {}
}
